{
  "name": "pyret-docs",
  "version": "0.0.0",
  "lockfileVersion": 2,
  "requires": true,
  "packages": {
    "": {
      "name": "pyret-docs",
      "version": "0.0.0",
      "license": "Apache-2.0",
      "dependencies": {
        "codemirror": "^5.x",
        "pyret-codemirror-mode": "git://github.com/brownplt/pyret-codemirror-mode"
      }
    },
    "node_modules/codemirror": {
      "version": "5.65.8",
      "resolved": "https://registry.npmjs.org/codemirror/-/codemirror-5.65.8.tgz",
      "integrity": "sha512-TNGkSkkoAsmZSf6W6g35LMVQJBHKasc2CKwhr/fTxSYun7cn6J+CbtyNjV/MYlFVkNTsqZoviegyCZimWhoMMA=="
    },
    "node_modules/pyret-codemirror-mode": {
      "version": "0.0.0",
      "resolved": "git+ssh://git@github.com/brownplt/pyret-codemirror-mode.git#fb3a38b4382f2fc24b39313ae732a447cf35f555",
      "license": "Apache-2.0",
      "dependencies": {
        "codemirror": "^5.x"
      }
    }
  },
  "dependencies": {
    "codemirror": {
      "version": "5.65.8",
      "resolved": "https://registry.npmjs.org/codemirror/-/codemirror-5.65.8.tgz",
      "integrity": "sha512-TNGkSkkoAsmZSf6W6g35LMVQJBHKasc2CKwhr/fTxSYun7cn6J+CbtyNjV/MYlFVkNTsqZoviegyCZimWhoMMA=="
    },
    "pyret-codemirror-mode": {
      "version": "git+ssh://git@github.com/brownplt/pyret-codemirror-mode.git#fb3a38b4382f2fc24b39313ae732a447cf35f555",
      "from": "pyret-codemirror-mode@git://github.com/brownplt/pyret-codemirror-mode",
      "requires": {
        "codemirror": "^5.x"
      }
    }
  }
}
